
Microsoft Visual Studio Solution File, Format Version 12.00
# Visual Studio Version 17
VisualStudioVersion = 17.0.31903.59
MinimumVisualStudioVersion = 10.0.40219.1
Project("{2150E333-8FDC-42A3-9474-1A3956D46DE8}") = "libs", "libs", "{827E0CD3-B72D-47B6-A68D-7590B98EB39B}"
EndProject
Project("{FAE04EC0-301F-11D3-BF4B-00C04F79EFBC}") = "ReSys.Core", "libs\ReSys.Core\ReSys.Core.csproj", "{F37F9209-1123-4D2F-807E-95513AB76966}"
EndProject
Project("{FAE04EC0-301F-11D3-BF4B-00C04F79EFBC}") = "ReSys.Infrastructure", "libs\ReSys.Infrastructure\ReSys.Infrastructure.csproj", "{3D8D7603-CAB6-4264-9A16-553FA08D3DB9}"
EndProject
Project("{2150E333-8FDC-42A3-9474-1A3956D46DE8}") = "services", "services", "{5854FF58-B8C5-05C6-5BF2-ACE42193F22B}"
EndProject
Project("{FAE04EC0-301F-11D3-BF4B-00C04F79EFBC}") = "ReSys.Api", "services\ReSys.Api\ReSys.Api.csproj", "{C7F42AEB-BCEF-4FBA-8CCA-2EBD111C3480}"
EndProject
Project("{FAE04EC0-301F-11D3-BF4B-00C04F79EFBC}") = "ReSys.Migrations", "libs\ReSys.Migrations\ReSys.Migrations.csproj", "{9B3A2527-9E88-4E25-90B7-35EFD5B490E5}"
EndProject
Project("{2150E333-8FDC-42A3-9474-1A3956D46DE8}") = "tests", "tests", "{0AB3BF05-4346-4AA6-1389-037BE0695223}"
EndProject
Project("{FAE04EC0-301F-11D3-BF4B-00C04F79EFBC}") = "ReSys.Api.UnitTests", "tests\ReSys.Api.UnitTests\ReSys.Api.UnitTests.csproj", "{8158E54B-B56E-4E44-9AB8-D69033EC4D63}"
EndProject
Project("{FAE04EC0-301F-11D3-BF4B-00C04F79EFBC}") = "ReSys.Api.IntegrationTests", "tests\ReSys.Api.IntegrationTests\ReSys.Api.IntegrationTests.csproj", "{E471B869-6349-4BDD-BD6D-3CD4F1825592}"
EndProject
Project("{FAE04EC0-301F-11D3-BF4B-00C04F79EFBC}") = "ReSys.Core.UnitTests", "tests\ReSys.Core.UnitTests\ReSys.Core.UnitTests.csproj", "{2A6F2195-2E9A-40EE-AF35-7042A8B35204}"
EndProject
Project("{FAE04EC0-301F-11D3-BF4B-00C04F79EFBC}") = "ReSys.Infrastructure.UnitTests", "tests\ReSys.Infrastructure.UnitTests\ReSys.Infrastructure.UnitTests.csproj", "{B3894827-6D22-42D6-9316-0C66AF0AF471}"
EndProject
Project("{2150E333-8FDC-42A3-9474-1A3956D46DE8}") = "infrastructure", "infrastructure", "{DFEE68D8-A7D0-1A41-506C-9B74AA9A7B7B}"
EndProject
Project("{2150E333-8FDC-42A3-9474-1A3956D46DE8}") = "aspire", "aspire", "{611C8D04-6CA9-ECFE-A22D-FC381FFD069A}"
EndProject
Project("{FAE04EC0-301F-11D3-BF4B-00C04F79EFBC}") = "ReSys.ServiceDefaults", "infrastructure\aspire\ReSys.ServiceDefaults\ReSys.ServiceDefaults.csproj", "{7A22121E-4838-4117-A379-58FEEEAA838B}"
EndProject
Project("{FAE04EC0-301F-11D3-BF4B-00C04F79EFBC}") = "ReSys.AppHost", "infrastructure\aspire\ReSys.AppHost\ReSys.AppHost.csproj", "{E0BCF20D-9662-4E19-81AC-6F022D4BECF6}"
EndProject
Global
	GlobalSection(SolutionConfigurationPlatforms) = preSolution
		Debug|Any CPU = Debug|Any CPU
		Debug|x64 = Debug|x64
		Debug|x86 = Debug|x86
		Release|Any CPU = Release|Any CPU
		Release|x64 = Release|x64
		Release|x86 = Release|x86
	EndGlobalSection
	GlobalSection(ProjectConfigurationPlatforms) = postSolution
		{F37F9209-1123-4D2F-807E-95513AB76966}.Debug|Any CPU.ActiveCfg = Debug|Any CPU
		{F37F9209-1123-4D2F-807E-95513AB76966}.Debug|Any CPU.Build.0 = Debug|Any CPU
		{F37F9209-1123-4D2F-807E-95513AB76966}.Debug|x64.ActiveCfg = Debug|Any CPU
		{F37F9209-1123-4D2F-807E-95513AB76966}.Debug|x64.Build.0 = Debug|Any CPU
		{F37F9209-1123-4D2F-807E-95513AB76966}.Debug|x86.ActiveCfg = Debug|Any CPU
		{F37F9209-1123-4D2F-807E-95513AB76966}.Debug|x86.Build.0 = Debug|Any CPU
		{F37F9209-1123-4D2F-807E-95513AB76966}.Release|Any CPU.ActiveCfg = Release|Any CPU
		{F37F9209-1123-4D2F-807E-95513AB76966}.Release|Any CPU.Build.0 = Release|Any CPU
		{F37F9209-1123-4D2F-807E-95513AB76966}.Release|x64.ActiveCfg = Release|Any CPU
		{F37F9209-1123-4D2F-807E-95513AB76966}.Release|x64.Build.0 = Release|Any CPU
		{F37F9209-1123-4D2F-807E-95513AB76966}.Release|x86.ActiveCfg = Release|Any CPU
		{F37F9209-1123-4D2F-807E-95513AB76966}.Release|x86.Build.0 = Release|Any CPU
		{3D8D7603-CAB6-4264-9A16-553FA08D3DB9}.Debug|Any CPU.ActiveCfg = Debug|Any CPU
		{3D8D7603-CAB6-4264-9A16-553FA08D3DB9}.Debug|Any CPU.Build.0 = Debug|Any CPU
		{3D8D7603-CAB6-4264-9A16-553FA08D3DB9}.Debug|x64.ActiveCfg = Debug|Any CPU
		{3D8D7603-CAB6-4264-9A16-553FA08D3DB9}.Debug|x64.Build.0 = Debug|Any CPU
		{3D8D7603-CAB6-4264-9A16-553FA08D3DB9}.Debug|x86.ActiveCfg = Debug|Any CPU
		{3D8D7603-CAB6-4264-9A16-553FA08D3DB9}.Debug|x86.Build.0 = Debug|Any CPU
		{3D8D7603-CAB6-4264-9A16-553FA08D3DB9}.Release|Any CPU.ActiveCfg = Release|Any CPU
		{3D8D7603-CAB6-4264-9A16-553FA08D3DB9}.Release|Any CPU.Build.0 = Release|Any CPU
		{3D8D7603-CAB6-4264-9A16-553FA08D3DB9}.Release|x64.ActiveCfg = Release|Any CPU
		{3D8D7603-CAB6-4264-9A16-553FA08D3DB9}.Release|x64.Build.0 = Release|Any CPU
		{3D8D7603-CAB6-4264-9A16-553FA08D3DB9}.Release|x86.ActiveCfg = Release|Any CPU
		{3D8D7603-CAB6-4264-9A16-553FA08D3DB9}.Release|x86.Build.0 = Release|Any CPU
		{C7F42AEB-BCEF-4FBA-8CCA-2EBD111C3480}.Debug|Any CPU.ActiveCfg = Debug|Any CPU
		{C7F42AEB-BCEF-4FBA-8CCA-2EBD111C3480}.Debug|Any CPU.Build.0 = Debug|Any CPU
		{C7F42AEB-BCEF-4FBA-8CCA-2EBD111C3480}.Debug|x64.ActiveCfg = Debug|Any CPU
		{C7F42AEB-BCEF-4FBA-8CCA-2EBD111C3480}.Debug|x64.Build.0 = Debug|Any CPU
		{C7F42AEB-BCEF-4FBA-8CCA-2EBD111C3480}.Debug|x86.ActiveCfg = Debug|Any CPU
		{C7F42AEB-BCEF-4FBA-8CCA-2EBD111C3480}.Debug|x86.Build.0 = Debug|Any CPU
		{C7F42AEB-BCEF-4FBA-8CCA-2EBD111C3480}.Release|Any CPU.ActiveCfg = Release|Any CPU
		{C7F42AEB-BCEF-4FBA-8CCA-2EBD111C3480}.Release|Any CPU.Build.0 = Release|Any CPU
		{C7F42AEB-BCEF-4FBA-8CCA-2EBD111C3480}.Release|x64.ActiveCfg = Release|Any CPU
		{C7F42AEB-BCEF-4FBA-8CCA-2EBD111C3480}.Release|x64.Build.0 = Release|Any CPU
		{C7F42AEB-BCEF-4FBA-8CCA-2EBD111C3480}.Release|x86.ActiveCfg = Release|Any CPU
		{C7F42AEB-BCEF-4FBA-8CCA-2EBD111C3480}.Release|x86.Build.0 = Release|Any CPU
		{9B3A2527-9E88-4E25-90B7-35EFD5B490E5}.Debug|Any CPU.ActiveCfg = Debug|Any CPU
		{9B3A2527-9E88-4E25-90B7-35EFD5B490E5}.Debug|Any CPU.Build.0 = Debug|Any CPU
		{9B3A2527-9E88-4E25-90B7-35EFD5B490E5}.Debug|x64.ActiveCfg = Debug|Any CPU
		{9B3A2527-9E88-4E25-90B7-35EFD5B490E5}.Debug|x64.Build.0 = Debug|Any CPU
		{9B3A2527-9E88-4E25-90B7-35EFD5B490E5}.Debug|x86.ActiveCfg = Debug|Any CPU
		{9B3A2527-9E88-4E25-90B7-35EFD5B490E5}.Debug|x86.Build.0 = Debug|Any CPU
		{9B3A2527-9E88-4E25-90B7-35EFD5B490E5}.Release|Any CPU.ActiveCfg = Release|Any CPU
		{9B3A2527-9E88-4E25-90B7-35EFD5B490E5}.Release|Any CPU.Build.0 = Release|Any CPU
		{9B3A2527-9E88-4E25-90B7-35EFD5B490E5}.Release|x64.ActiveCfg = Release|Any CPU
		{9B3A2527-9E88-4E25-90B7-35EFD5B490E5}.Release|x64.Build.0 = Release|Any CPU
		{9B3A2527-9E88-4E25-90B7-35EFD5B490E5}.Release|x86.ActiveCfg = Release|Any CPU
		{9B3A2527-9E88-4E25-90B7-35EFD5B490E5}.Release|x86.Build.0 = Release|Any CPU
		{8158E54B-B56E-4E44-9AB8-D69033EC4D63}.Debug|Any CPU.ActiveCfg = Debug|Any CPU
		{8158E54B-B56E-4E44-9AB8-D69033EC4D63}.Debug|Any CPU.Build.0 = Debug|Any CPU
		{8158E54B-B56E-4E44-9AB8-D69033EC4D63}.Debug|x64.ActiveCfg = Debug|Any CPU
		{8158E54B-B56E-4E44-9AB8-D69033EC4D63}.Debug|x64.Build.0 = Debug|Any CPU
		{8158E54B-B56E-4E44-9AB8-D69033EC4D63}.Debug|x86.ActiveCfg = Debug|Any CPU
		{8158E54B-B56E-4E44-9AB8-D69033EC4D63}.Debug|x86.Build.0 = Debug|Any CPU
		{8158E54B-B56E-4E44-9AB8-D69033EC4D63}.Release|Any CPU.ActiveCfg = Release|Any CPU
		{8158E54B-B56E-4E44-9AB8-D69033EC4D63}.Release|Any CPU.Build.0 = Release|Any CPU
		{8158E54B-B56E-4E44-9AB8-D69033EC4D63}.Release|x64.ActiveCfg = Release|Any CPU
		{8158E54B-B56E-4E44-9AB8-D69033EC4D63}.Release|x64.Build.0 = Release|Any CPU
		{8158E54B-B56E-4E44-9AB8-D69033EC4D63}.Release|x86.ActiveCfg = Release|Any CPU
		{8158E54B-B56E-4E44-9AB8-D69033EC4D63}.Release|x86.Build.0 = Release|Any CPU
		{E471B869-6349-4BDD-BD6D-3CD4F1825592}.Debug|Any CPU.ActiveCfg = Debug|Any CPU
		{E471B869-6349-4BDD-BD6D-3CD4F1825592}.Debug|Any CPU.Build.0 = Debug|Any CPU
		{E471B869-6349-4BDD-BD6D-3CD4F1825592}.Debug|x64.ActiveCfg = Debug|Any CPU
		{E471B869-6349-4BDD-BD6D-3CD4F1825592}.Debug|x64.Build.0 = Debug|Any CPU
		{E471B869-6349-4BDD-BD6D-3CD4F1825592}.Debug|x86.ActiveCfg = Debug|Any CPU
		{E471B869-6349-4BDD-BD6D-3CD4F1825592}.Debug|x86.Build.0 = Debug|Any CPU
		{E471B869-6349-4BDD-BD6D-3CD4F1825592}.Release|Any CPU.ActiveCfg = Release|Any CPU
		{E471B869-6349-4BDD-BD6D-3CD4F1825592}.Release|Any CPU.Build.0 = Release|Any CPU
		{E471B869-6349-4BDD-BD6D-3CD4F1825592}.Release|x64.ActiveCfg = Release|Any CPU
		{E471B869-6349-4BDD-BD6D-3CD4F1825592}.Release|x64.Build.0 = Release|Any CPU
		{E471B869-6349-4BDD-BD6D-3CD4F1825592}.Release|x86.ActiveCfg = Release|Any CPU
		{E471B869-6349-4BDD-BD6D-3CD4F1825592}.Release|x86.Build.0 = Release|Any CPU
		{2A6F2195-2E9A-40EE-AF35-7042A8B35204}.Debug|Any CPU.ActiveCfg = Debug|Any CPU
		{2A6F2195-2E9A-40EE-AF35-7042A8B35204}.Debug|Any CPU.Build.0 = Debug|Any CPU
		{2A6F2195-2E9A-40EE-AF35-7042A8B35204}.Debug|x64.ActiveCfg = Debug|Any CPU
		{2A6F2195-2E9A-40EE-AF35-7042A8B35204}.Debug|x64.Build.0 = Debug|Any CPU
		{2A6F2195-2E9A-40EE-AF35-7042A8B35204}.Debug|x86.ActiveCfg = Debug|Any CPU
		{2A6F2195-2E9A-40EE-AF35-7042A8B35204}.Debug|x86.Build.0 = Debug|Any CPU
		{2A6F2195-2E9A-40EE-AF35-7042A8B35204}.Release|Any CPU.ActiveCfg = Release|Any CPU
		{2A6F2195-2E9A-40EE-AF35-7042A8B35204}.Release|Any CPU.Build.0 = Release|Any CPU
		{2A6F2195-2E9A-40EE-AF35-7042A8B35204}.Release|x64.ActiveCfg = Release|Any CPU
		{2A6F2195-2E9A-40EE-AF35-7042A8B35204}.Release|x64.Build.0 = Release|Any CPU
		{2A6F2195-2E9A-40EE-AF35-7042A8B35204}.Release|x86.ActiveCfg = Release|Any CPU
		{2A6F2195-2E9A-40EE-AF35-7042A8B35204}.Release|x86.Build.0 = Release|Any CPU
		{B3894827-6D22-42D6-9316-0C66AF0AF471}.Debug|Any CPU.ActiveCfg = Debug|Any CPU
		{B3894827-6D22-42D6-9316-0C66AF0AF471}.Debug|Any CPU.Build.0 = Debug|Any CPU
		{B3894827-6D22-42D6-9316-0C66AF0AF471}.Debug|x64.ActiveCfg = Debug|Any CPU
		{B3894827-6D22-42D6-9316-0C66AF0AF471}.Debug|x64.Build.0 = Debug|Any CPU
		{B3894827-6D22-42D6-9316-0C66AF0AF471}.Debug|x86.ActiveCfg = Debug|Any CPU
		{B3894827-6D22-42D6-9316-0C66AF0AF471}.Debug|x86.Build.0 = Debug|Any CPU
		{B3894827-6D22-42D6-9316-0C66AF0AF471}.Release|Any CPU.ActiveCfg = Release|Any CPU
		{B3894827-6D22-42D6-9316-0C66AF0AF471}.Release|Any CPU.Build.0 = Release|Any CPU
		{B3894827-6D22-42D6-9316-0C66AF0AF471}.Release|x64.ActiveCfg = Release|Any CPU
		{B3894827-6D22-42D6-9316-0C66AF0AF471}.Release|x64.Build.0 = Release|Any CPU
		{B3894827-6D22-42D6-9316-0C66AF0AF471}.Release|x86.ActiveCfg = Release|Any CPU
		{B3894827-6D22-42D6-9316-0C66AF0AF471}.Release|x86.Build.0 = Release|Any CPU
		{7A22121E-4838-4117-A379-58FEEEAA838B}.Debug|Any CPU.ActiveCfg = Debug|Any CPU
		{7A22121E-4838-4117-A379-58FEEEAA838B}.Debug|Any CPU.Build.0 = Debug|Any CPU
		{7A22121E-4838-4117-A379-58FEEEAA838B}.Debug|x64.ActiveCfg = Debug|Any CPU
		{7A22121E-4838-4117-A379-58FEEEAA838B}.Debug|x64.Build.0 = Debug|Any CPU
		{7A22121E-4838-4117-A379-58FEEEAA838B}.Debug|x86.ActiveCfg = Debug|Any CPU
		{7A22121E-4838-4117-A379-58FEEEAA838B}.Debug|x86.Build.0 = Debug|Any CPU
		{7A22121E-4838-4117-A379-58FEEEAA838B}.Release|Any CPU.ActiveCfg = Release|Any CPU
		{7A22121E-4838-4117-A379-58FEEEAA838B}.Release|Any CPU.Build.0 = Release|Any CPU
		{7A22121E-4838-4117-A379-58FEEEAA838B}.Release|x64.ActiveCfg = Release|Any CPU
		{7A22121E-4838-4117-A379-58FEEEAA838B}.Release|x64.Build.0 = Release|Any CPU
		{7A22121E-4838-4117-A379-58FEEEAA838B}.Release|x86.ActiveCfg = Release|Any CPU
		{7A22121E-4838-4117-A379-58FEEEAA838B}.Release|x86.Build.0 = Release|Any CPU
		{E0BCF20D-9662-4E19-81AC-6F022D4BECF6}.Debug|Any CPU.ActiveCfg = Debug|Any CPU
		{E0BCF20D-9662-4E19-81AC-6F022D4BECF6}.Debug|Any CPU.Build.0 = Debug|Any CPU
		{E0BCF20D-9662-4E19-81AC-6F022D4BECF6}.Debug|x64.ActiveCfg = Debug|Any CPU
		{E0BCF20D-9662-4E19-81AC-6F022D4BECF6}.Debug|x64.Build.0 = Debug|Any CPU
		{E0BCF20D-9662-4E19-81AC-6F022D4BECF6}.Debug|x86.ActiveCfg = Debug|Any CPU
		{E0BCF20D-9662-4E19-81AC-6F022D4BECF6}.Debug|x86.Build.0 = Debug|Any CPU
		{E0BCF20D-9662-4E19-81AC-6F022D4BECF6}.Release|Any CPU.ActiveCfg = Release|Any CPU
		{E0BCF20D-9662-4E19-81AC-6F022D4BECF6}.Release|Any CPU.Build.0 = Release|Any CPU
		{E0BCF20D-9662-4E19-81AC-6F022D4BECF6}.Release|x64.ActiveCfg = Release|Any CPU
		{E0BCF20D-9662-4E19-81AC-6F022D4BECF6}.Release|x64.Build.0 = Release|Any CPU
		{E0BCF20D-9662-4E19-81AC-6F022D4BECF6}.Release|x86.ActiveCfg = Release|Any CPU
		{E0BCF20D-9662-4E19-81AC-6F022D4BECF6}.Release|x86.Build.0 = Release|Any CPU
	EndGlobalSection
	GlobalSection(SolutionProperties) = preSolution
		HideSolutionNode = FALSE
	EndGlobalSection
	GlobalSection(NestedProjects) = preSolution
		{F37F9209-1123-4D2F-807E-95513AB76966} = {827E0CD3-B72D-47B6-A68D-7590B98EB39B}
		{3D8D7603-CAB6-4264-9A16-553FA08D3DB9} = {827E0CD3-B72D-47B6-A68D-7590B98EB39B}
		{C7F42AEB-BCEF-4FBA-8CCA-2EBD111C3480} = {5854FF58-B8C5-05C6-5BF2-ACE42193F22B}
		{9B3A2527-9E88-4E25-90B7-35EFD5B490E5} = {827E0CD3-B72D-47B6-A68D-7590B98EB39B}
		{8158E54B-B56E-4E44-9AB8-D69033EC4D63} = {0AB3BF05-4346-4AA6-1389-037BE0695223}
		{E471B869-6349-4BDD-BD6D-3CD4F1825592} = {0AB3BF05-4346-4AA6-1389-037BE0695223}
		{2A6F2195-2E9A-40EE-AF35-7042A8B35204} = {0AB3BF05-4346-4AA6-1389-037BE0695223}
		{B3894827-6D22-42D6-9316-0C66AF0AF471} = {0AB3BF05-4346-4AA6-1389-037BE0695223}
		{611C8D04-6CA9-ECFE-A22D-FC381FFD069A} = {DFEE68D8-A7D0-1A41-506C-9B74AA9A7B7B}
		{7A22121E-4838-4117-A379-58FEEEAA838B} = {611C8D04-6CA9-ECFE-A22D-FC381FFD069A}
		{E0BCF20D-9662-4E19-81AC-6F022D4BECF6} = {611C8D04-6CA9-ECFE-A22D-FC381FFD069A}
	EndGlobalSection
EndGlobal
